dependencies:
- name: vault
  repository: https://helm.releases.hashicorp.com
  version: 0.33.0
- name: nico-rest-common
  repository: file://../vendor/infra-controller/helm/rest/nico-rest/charts/nico-rest-common
  version: 0.1.0
- name: nico-rest-site-agent
  repository: file://../vendor/infra-controller/helm/rest/nico-rest-site-agent
  version: 0.1.9
- name: nico
  repository: file://../vendor/infra-controller/helm
  version: 0.1.1
digest: sha256:dcf075f3122f3ff945366ffa733306f155ef12578888b53e480e018ae77ec7da
generated: "2026-08-19T10:35:07.749032+03:00"
